// !$*UTF8*$!
{
	archiveVersion = 1;
	classes = {
	};
	objectVersion = 46;
	objects = {

/* Begin PBXBuildFile section */
		014FA3C51A938215007235B9 /* main.m in Sources */ = {isa = PBXBuildFile; fileRef = 014FA3C41A938215007235B9 /* main.m */; };
		014FA3C81A938215007235B9 /* AppDelegate.m in Sources */ = {isa = PBXBuildFile; fileRef = 014FA3C71A938215007235B9 /* AppDelegate.m */; };
		014FA3CE1A938215007235B9 /* Main.storyboard in Resources */ = {isa = PBXBuildFile; fileRef = 014FA3CC1A938215007235B9 /* Main.storyboard */; };
		014FA3D01A938215007235B9 /* Images.xcassets in Resources */ = {isa = PBXBuildFile; fileRef = 014FA3CF1A938215007235B9 /* Images.xcassets */; };
		014FA3DF1A938215007235B9 /* MinishowsTests.m in Sources */ = {isa = PBXBuildFile; fileRef = 014FA3DE1A938215007235B9 /* MinishowsTests.m */; };
		014FA3F41A93861F007235B9 /* TableViewViewController.m in Sources */ = {isa = PBXBuildFile; fileRef = 014FA3F21A93861F007235B9 /* TableViewViewController.m */; };
		014FA3FA1A938B0E007235B9 /* SerieTableViewCell.m in Sources */ = {isa = PBXBuildFile; fileRef = 014FA3F81A938B0E007235B9 /* SerieTableViewCell.m */; };
		014FA3FB1A938B0E007235B9 /* SerieTableViewCell.xib in Resources */ = {isa = PBXBuildFile; fileRef = 014FA3F91A938B0E007235B9 /* SerieTableViewCell.xib */; };
		014FA4001A938D9F007235B9 /* TableViewDelegate.m in Sources */ = {isa = PBXBuildFile; fileRef = 014FA3FF1A938D9F007235B9 /* TableViewDelegate.m */; };
		014FA4021A939088007235B9 /* LaunchScreen.xib in Resources */ = {isa = PBXBuildFile; fileRef = 014FA4011A939088007235B9 /* LaunchScreen.xib */; };
		0157ADC81A93A20A001A938C /* SerieService.m in Sources */ = {isa = PBXBuildFile; fileRef = 0157ADC71A93A20A001A938C /* SerieService.m */; };
		01CDE57B1A93C4A800885A39 /* DetailViewController.m in Sources */ = {isa = PBXBuildFile; fileRef = 01CDE5791A93C4A800885A39 /* DetailViewController.m */; };
		01CDE57C1A93C4A800885A39 /* DetailViewController.xib in Resources */ = {isa = PBXBuildFile; fileRef = 01CDE57A1A93C4A800885A39 /* DetailViewController.xib */; };
		09EEE4B11A93877800C0FD7B /* SettingsViewController.m in Sources */ = {isa = PBXBuildFile; fileRef = 09EEE4AF1A93877800C0FD7B /* SettingsViewController.m */; };
		09EEE4B21A93877800C0FD7B /* SettingsViewController.xib in Resources */ = {isa = PBXBuildFile; fileRef = 09EEE4B01A93877800C0FD7B /* SettingsViewController.xib */; };
/* End PBXBuildFile section */

/* Begin PBXContainerItemProxy section */
		014FA3D91A938215007235B9 /* PBXContainerItemProxy */ = {
			isa = PBXContainerItemProxy;
			containerPortal = 014FA3B71A938215007235B9 /* Project object */;
			proxyType = 1;
			remoteGlobalIDString = 014FA3BE1A938215007235B9;
			remoteInfo = Minishows;
		};
/* End PBXContainerItemProxy section */

/* Begin PBXFileReference section */
		014FA3BF1A938215007235B9 /* Minishows.app */ = {isa = PBXFileReference; explicitFileType = wrapper.application; includeInIndex = 0; path = Minishows.app; sourceTree = BUILT_PRODUCTS_DIR; };
		014FA3C31A938215007235B9 /* Info.plist */ = {isa = PBXFileReference; lastKnownFileType = text.plist.xml; path = Info.plist; sourceTree = "<group>"; };
		014FA3C41A938215007235B9 /* main.m */ = {isa = PBXFileReference; lastKnownFileType = sourcecode.c.objc; path = main.m; sourceTree = "<group>"; };
		014FA3C61A938215007235B9 /* AppDelegate.h */ = {isa = PBXFileReference; lastKnownFileType = sourcecode.c.h; path = AppDelegate.h; sourceTree = "<group>"; };
		014FA3C71A938215007235B9 /* AppDelegate.m */ = {isa = PBXFileReference; lastKnownFileType = sourcecode.c.objc; path = AppDelegate.m; sourceTree = "<group>"; };
		014FA3CD1A938215007235B9 /* Base */ = {isa = PBXFileReference; lastKnownFileType = file.storyboard; name = Base; path = Base.lproj/Main.storyboard; sourceTree = "<group>"; };
		014FA3CF1A938215007235B9 /* Images.xcassets */ = {isa = PBXFileReference; lastKnownFileType = folder.assetcatalog; path = Images.xcassets; sourceTree = "<group>"; };
		014FA3D81A938215007235B9 /* MinishowsTests.xctest */ = {isa = PBXFileReference; explicitFileType = wrapper.cfbundle; includeInIndex = 0; path = MinishowsTests.xctest; sourceTree = BUILT_PRODUCTS_DIR; };
		014FA3DD1A938215007235B9 /* Info.plist */ = {isa = PBXFileReference; lastKnownFileType = text.plist.xml; path = Info.plist; sourceTree = "<group>"; };
		014FA3DE1A938215007235B9 /* MinishowsTests.m */ = {isa = PBXFileReference; lastKnownFileType = sourcecode.c.objc; path = MinishowsTests.m; sourceTree = "<group>"; };
		014FA3F11A93861F007235B9 /* TableViewViewController.h */ = {isa = PBXFileReference; fileEncoding = 4; lastKnownFileType = sourcecode.c.h; name = TableViewViewController.h; path = TableView/TableViewViewController.h; sourceTree = "<group>"; };
		014FA3F21A93861F007235B9 /* TableViewViewController.m */ = {isa = PBXFileReference; fileEncoding = 4; lastKnownFileType = sourcecode.c.objc; name = TableViewViewController.m; path = TableView/TableViewViewController.m; sourceTree = "<group>"; };
		014FA3F71A938B0E007235B9 /* SerieTableViewCell.h */ = {isa = PBXFileReference; fileEncoding = 4; lastKnownFileType = sourcecode.c.h; name = SerieTableViewCell.h; path = TableView/Cell/SerieTableViewCell.h; sourceTree = "<group>"; };
		014FA3F81A938B0E007235B9 /* SerieTableViewCell.m */ = {isa = PBXFileReference; fileEncoding = 4; lastKnownFileType = sourcecode.c.objc; name = SerieTableViewCell.m; path = TableView/Cell/SerieTableViewCell.m; sourceTree = "<group>"; };
		014FA3F91A938B0E007235B9 /* SerieTableViewCell.xib */ = {isa = PBXFileReference; fileEncoding = 4; lastKnownFileType = file.xib; name = SerieTableViewCell.xib; path = TableView/Cell/SerieTableViewCell.xib; sourceTree = "<group>"; };
		014FA3FE1A938D9F007235B9 /* TableViewDelegate.h */ = {isa = PBXFileReference; fileEncoding = 4; lastKnownFileType = sourcecode.c.h; name = TableViewDelegate.h; path = Model/Delegates/TableViewDelegate.h; sourceTree = "<group>"; };
		014FA3FF1A938D9F007235B9 /* TableViewDelegate.m */ = {isa = PBXFileReference; fileEncoding = 4; lastKnownFileType = sourcecode.c.objc; name = TableViewDelegate.m; path = Model/Delegates/TableViewDelegate.m; sourceTree = "<group>"; };
		014FA4011A939088007235B9 /* LaunchScreen.xib */ = {isa = PBXFileReference; fileEncoding = 4; lastKnownFileType = file.xib; path = LaunchScreen.xib; sourceTree = "<group>"; };
		0157ADC61A93A20A001A938C /* SerieService.h */ = {isa = PBXFileReference; fileEncoding = 4; lastKnownFileType = sourcecode.c.h; name = SerieService.h; path = Model/Services/SerieService.h; sourceTree = "<group>"; };
		0157ADC71A93A20A001A938C /* SerieService.m */ = {isa = PBXFileReference; fileEncoding = 4; lastKnownFileType = sourcecode.c.objc; name = SerieService.m; path = Model/Services/SerieService.m; sourceTree = "<group>"; };
		01CDE5781A93C4A800885A39 /* DetailViewController.h */ = {isa = PBXFileReference; fileEncoding = 4; lastKnownFileType = sourcecode.c.h; name = DetailViewController.h; path = Views/DetailView/DetailViewController.h; sourceTree = "<group>"; };
		01CDE5791A93C4A800885A39 /* DetailViewController.m */ = {isa = PBXFileReference; fileEncoding = 4; lastKnownFileType = sourcecode.c.objc; name = DetailViewController.m; path = Views/DetailView/DetailViewController.m; sourceTree = "<group>"; };
		01CDE57A1A93C4A800885A39 /* DetailViewController.xib */ = {isa = PBXFileReference; fileEncoding = 4; lastKnownFileType = file.xib; name = DetailViewController.xib; path = Views/DetailView/DetailViewController.xib; sourceTree = "<group>"; };
		09EEE4AE1A93877800C0FD7B /* SettingsViewController.h */ = {isa = PBXFileReference; fileEncoding = 4; lastKnownFileType = sourcecode.c.h; name = SettingsViewController.h; path = SettingsView/SettingsViewController.h; sourceTree = "<group>"; };
		09EEE4AF1A93877800C0FD7B /* SettingsViewController.m */ = {isa = PBXFileReference; fileEncoding = 4; lastKnownFileType = sourcecode.c.objc; name = SettingsViewController.m; path = SettingsView/SettingsViewController.m; sourceTree = "<group>"; };
		09EEE4B01A93877800C0FD7B /* SettingsViewController.xib */ = {isa = PBXFileReference; fileEncoding = 4; lastKnownFileType = file.xib; name = SettingsViewController.xib; path = SettingsView/SettingsViewController.xib; sourceTree = "<group>"; };
/* End PBXFileReference section */

/* Begin PBXFrameworksBuildPhase section */
		014FA3BC1A938215007235B9 /* Frameworks */ = {
			isa = PBXFrameworksBuildPhase;
			buildActionMask = 2147483647;
			files = (
			);
			runOnlyForDeploymentPostprocessing = 0;
		};
		014FA3D51A938215007235B9 /* Frameworks */ = {
			isa = PBXFrameworksBuildPhase;
			buildActionMask = 2147483647;
			files = (
			);
			runOnlyForDeploymentPostprocessing = 0;
		};
/* End PBXFrameworksBuildPhase section */

/* Begin PBXGroup section */
		014FA3B61A938215007235B9 = {
			isa = PBXGroup;
			children = (
				014FA3C11A938215007235B9 /* Minishows */,
				014FA3DB1A938215007235B9 /* MinishowsTests */,
				014FA3C01A938215007235B9 /* Products */,
			);
			sourceTree = "<group>";
		};
		014FA3C01A938215007235B9 /* Products */ = {
			isa = PBXGroup;
			children = (
				014FA3BF1A938215007235B9 /* Minishows.app */,
				014FA3D81A938215007235B9 /* MinishowsTests.xctest */,
			);
			name = Products;
			sourceTree = "<group>";
		};
		014FA3C11A938215007235B9 /* Minishows */ = {
			isa = PBXGroup;
			children = (
				014FA3FC1A938D6C007235B9 /* Model */,
				014FA3E81A9384D6007235B9 /* Views */,
				014FA3C61A938215007235B9 /* AppDelegate.h */,
				014FA3C71A938215007235B9 /* AppDelegate.m */,
				014FA3CC1A938215007235B9 /* Main.storyboard */,
				014FA3CF1A938215007235B9 /* Images.xcassets */,
				014FA3C21A938215007235B9 /* Supporting Files */,
				014FA4011A939088007235B9 /* LaunchScreen.xib */,
			);
			path = Minishows;
			sourceTree = "<group>";
		};
		014FA3C21A938215007235B9 /* Supporting Files */ = {
			isa = PBXGroup;
			children = (
				014FA3C31A938215007235B9 /* Info.plist */,
				014FA3C41A938215007235B9 /* main.m */,
			);
			name = "Supporting Files";
			sourceTree = "<group>";
		};
		014FA3DB1A938215007235B9 /* MinishowsTests */ = {
			isa = PBXGroup;
			children = (
				014FA3DE1A938215007235B9 /* MinishowsTests.m */,
				014FA3DC1A938215007235B9 /* Supporting Files */,
			);
			path = MinishowsTests;
			sourceTree = "<group>";
		};
		014FA3DC1A938215007235B9 /* Supporting Files */ = {
			isa = PBXGroup;
			children = (
				014FA3DD1A938215007235B9 /* Info.plist */,
			);
			name = "Supporting Files";
			sourceTree = "<group>";
		};
		014FA3E81A9384D6007235B9 /* Views */ = {
			isa = PBXGroup;
			children = (
				014FA3EB1A9384F8007235B9 /* DeatilView */,
				014FA3EA1A9384E6007235B9 /* SettingsView */,
				014FA3E91A9384DC007235B9 /* TableView */,
			);
			name = Views;
			sourceTree = "<group>";
		};
		014FA3E91A9384DC007235B9 /* TableView */ = {
			isa = PBXGroup;
			children = (
				014FA3F61A938A6B007235B9 /* Cell */,
				014FA3F11A93861F007235B9 /* TableViewViewController.h */,
				014FA3F21A93861F007235B9 /* TableViewViewController.m */,
			);
			name = TableView;
			sourceTree = "<group>";
		};
		014FA3EA1A9384E6007235B9 /* SettingsView */ = {
			isa = PBXGroup;
			children = (
				09EEE4AE1A93877800C0FD7B /* SettingsViewController.h */,
				09EEE4AF1A93877800C0FD7B /* SettingsViewController.m */,
				09EEE4B01A93877800C0FD7B /* SettingsViewController.xib */,
			);
			name = SettingsView;
			sourceTree = "<group>";
		};
		014FA3EB1A9384F8007235B9 /* DeatilView */ = {
			isa = PBXGroup;
			children = (
				01CDE5781A93C4A800885A39 /* DetailViewController.h */,
				01CDE5791A93C4A800885A39 /* DetailViewController.m */,
				01CDE57A1A93C4A800885A39 /* DetailViewController.xib */,
			);
			name = DeatilView;
			sourceTree = "<group>";
		};
		014FA3F61A938A6B007235B9 /* Cell */ = {
			isa = PBXGroup;
			children = (
				014FA3F71A938B0E007235B9 /* SerieTableViewCell.h */,
				014FA3F81A938B0E007235B9 /* SerieTableViewCell.m */,
				014FA3F91A938B0E007235B9 /* SerieTableViewCell.xib */,
			);
			name = Cell;
			sourceTree = "<group>";
		};
		014FA3FC1A938D6C007235B9 /* Model */ = {
			isa = PBXGroup;
			children = (
				0157ADC21A939F9C001A938C /* Services */,
				014FA3FD1A938D7C007235B9 /* Delegates */,
			);
			name = Model;
			sourceTree = "<group>";
		};
		014FA3FD1A938D7C007235B9 /* Delegates */ = {
			isa = PBXGroup;
			children = (
				014FA3FE1A938D9F007235B9 /* TableViewDelegate.h */,
				014FA3FF1A938D9F007235B9 /* TableViewDelegate.m */,
			);
			name = Delegates;
			sourceTree = "<group>";
		};
		0157ADC21A939F9C001A938C /* Services */ = {
			isa = PBXGroup;
			children = (
				0157ADC61A93A20A001A938C /* SerieService.h */,
				0157ADC71A93A20A001A938C /* SerieService.m */,
			);
			name = Services;
			sourceTree = "<group>";
		};
/* End PBXGroup section */

/* Begin PBXNativeTarget section */
		014FA3BE1A938215007235B9 /* Minishows */ = {
			isa = PBXNativeTarget;
			buildConfigurationList = 014FA3E21A938215007235B9 /* Build configuration list for PBXNativeTarget "Minishows" */;
			buildPhases = (
				014FA3BB1A938215007235B9 /* Sources */,
				014FA3BC1A938215007235B9 /* Frameworks */,
				014FA3BD1A938215007235B9 /* Resources */,
			);
			buildRules = (
			);
			dependencies = (
			);
			name = Minishows;
			productName = Minishows;
			productReference = 014FA3BF1A938215007235B9 /* Minishows.app */;
			productType = "com.apple.product-type.application";
		};
		014FA3D71A938215007235B9 /* MinishowsTests */ = {
			isa = PBXNativeTarget;
			buildConfigurationList = 014FA3E51A938215007235B9 /* Build configuration list for PBXNativeTarget "MinishowsTests" */;
			buildPhases = (
				014FA3D41A938215007235B9 /* Sources */,
				014FA3D51A938215007235B9 /* Frameworks */,
				014FA3D61A938215007235B9 /* Resources */,
			);
			buildRules = (
			);
			dependencies = (
				014FA3DA1A938215007235B9 /* PBXTargetDependency */,
			);
			name = MinishowsTests;
			productName = MinishowsTests;
			productReference = 014FA3D81A938215007235B9 /* MinishowsTests.xctest */;
			productType = "com.apple.product-type.bundle.unit-test";
		};
/* End PBXNativeTarget section */

/* Begin PBXProject section */
		014FA3B71A938215007235B9 /* Project object */ = {
			isa = PBXProject;
			attributes = {
				LastUpgradeCheck = 0610;
				ORGANIZATIONNAME = IronHack;
				TargetAttributes = {
					014FA3BE1A938215007235B9 = {
						CreatedOnToolsVersion = 6.1.1;
					};
					014FA3D71A938215007235B9 = {
						CreatedOnToolsVersion = 6.1.1;
						TestTargetID = 014FA3BE1A938215007235B9;
					};
				};
			};
			buildConfigurationList = 014FA3BA1A938215007235B9 /* Build configuration list for PBXProject "Minishows" */;
			compatibilityVersion = "Xcode 3.2";
			developmentRegion = English;
			hasScannedForEncodings = 0;
			knownRegions = (
				en,
				Base,
			);
			mainGroup = 014FA3B61A938215007235B9;
			productRefGroup = 014FA3C01A938215007235B9 /* Products */;
			projectDirPath = "";
			projectRoot = "";
			targets = (
				014FA3BE1A938215007235B9 /* Minishows */,
				014FA3D71A938215007235B9 /* MinishowsTests */,
			);
		};
/* End PBXProject section */

/* Begin PBXResourcesBuildPhase section */
		014FA3BD1A938215007235B9 /* Resources */ = {
			isa = PBXResourcesBuildPhase;
			buildActionMask = 2147483647;
			files = (
				014FA3CE1A938215007235B9 /* Main.storyboard in Resources */,
				01CDE57C1A93C4A800885A39 /* DetailViewController.xib in Resources */,
				014FA4021A939088007235B9 /* LaunchScreen.xib in Resources */,
				014FA3D01A938215007235B9 /* Images.xcassets in Resources */,
				014FA3FB1A938B0E007235B9 /* SerieTableViewCell.xib in Resources */,
				09EEE4B21A93877800C0FD7B /* SettingsViewController.xib in Resources */,
			);
			runOnlyForDeploymentPostprocessing = 0;
		};
		014FA3D61A938215007235B9 /* Resources */ = {
			isa = PBXResourcesBuildPhase;
			buildActionMask = 2147483647;
			files = (
			);
			runOnlyForDeploymentPostprocessing = 0;
		};
/* End PBXResourcesBuildPhase section */

/* Begin PBXSourcesBuildPhase section */
		014FA3BB1A938215007235B9 /* Sources */ = {
			isa = PBXSourcesBuildPhase;
			buildActionMask = 2147483647;
			files = (
				014FA4001A938D9F007235B9 /* TableViewDelegate.m in Sources */,
				014FA3C81A938215007235B9 /* AppDelegate.m in Sources */,
				014FA3FA1A938B0E007235B9 /* SerieTableViewCell.m in Sources */,
				01CDE57B1A93C4A800885A39 /* DetailViewController.m in Sources */,
				0157ADC81A93A20A001A938C /* SerieService.m in Sources */,
				014FA3F41A93861F007235B9 /* TableViewViewController.m in Sources */,
				014FA3C51A938215007235B9 /* main.m in Sources */,
				09EEE4B11A93877800C0FD7B /* SettingsViewController.m in Sources */,
			);
			runOnlyForDeploymentPostprocessing = 0;
		};
		014FA3D41A938215007235B9 /* Sources */ = {
			isa = PBXSourcesBuildPhase;
			buildActionMask = 2147483647;
			files = (
				014FA3DF1A938215007235B9 /* MinishowsTests.m in Sources */,
			);
			runOnlyForDeploymentPostprocessing = 0;
		};
/* End PBXSourcesBuildPhase section */

/* Begin PBXTargetDependency section */
		014FA3DA1A938215007235B9 /* PBXTargetDependency */ = {
			isa = PBXTargetDependency;
			target = 014FA3BE1A938215007235B9 /* Minishows */;
			targetProxy = 014FA3D91A938215007235B9 /* PBXContainerItemProxy */;
		};
/* End PBXTargetDependency section */

/* Begin PBXVariantGroup section */
		014FA3CC1A938215007235B9 /* Main.storyboard */ = {
			isa = PBXVariantGroup;
			children = (
				014FA3CD1A938215007235B9 /* Base */,
			);
			name = Main.storyboard;
			sourceTree = "<group>";
		};
/* End PBXVariantGroup section */

/* Begin XCBuildConfiguration section */
		014FA3E01A938215007235B9 /* Debug */ = {
			isa = XCBuildConfiguration;
			buildSettings = {
				ALWAYS_SEARCH_USER_PATHS = NO;
				CLANG_CXX_LANGUAGE_STANDARD = "gnu++0x";
				CLANG_CXX_LIBRARY = "libc++";
				CLANG_ENABLE_MODULES = YES;
				CLANG_ENABLE_OBJC_ARC = YES;
				CLANG_WARN_BOOL_CONVERSION = YES;
				CLANG_WARN_CONSTANT_CONVERSION = YES;
				CLANG_WARN_DIRECT_OBJC_ISA_USAGE = YES_ERROR;
				CLANG_WARN_EMPTY_BODY = YES;
				CLANG_WARN_ENUM_CONVERSION = YES;
				CLANG_WARN_INT_CONVERSION = YES;
				CLANG_WARN_OBJC_ROOT_CLASS = YES_ERROR;
				CLANG_WARN_UNREACHABLE_CODE = YES;
				CLANG_WARN__DUPLICATE_METHOD_MATCH = YES;
				"CODE_SIGN_IDENTITY[sdk=iphoneos*]" = "iPhone Developer";
				COPY_PHASE_STRIP = NO;
				ENABLE_STRICT_OBJC_MSGSEND = YES;
				GCC_C_LANGUAGE_STANDARD = gnu99;
				GCC_DYNAMIC_NO_PIC = NO;
				GCC_OPTIMIZATION_LEVEL = 0;
				GCC_PREPROCESSOR_DEFINITIONS = (
					"DEBUG=1",
					"$(inherited)",
				);
				GCC_SYMBOLS_PRIVATE_EXTERN = NO;
				GCC_WARN_64_TO_32_BIT_CONVERSION = YES;
				GCC_WARN_ABOUT_RETURN_TYPE = YES_ERROR;
				GCC_WARN_UNDECLARED_SELECTOR = YES;
				GCC_WARN_UNINITIALIZED_AUTOS = YES_AGGRESSIVE;
				GCC_WARN_UNUSED_FUNCTION = YES;
				GCC_WARN_UNUSED_VARIABLE = YES;
				IPHONEOS_DEPLOYMENT_TARGET = 8.1;
				MTL_ENABLE_DEBUG_INFO = YES;
				ONLY_ACTIVE_ARCH = YES;
				SDKROOT = iphoneos;
			};
			name = Debug;
		};
		014FA3E11A938215007235B9 /* Release */ = {
			isa = XCBuildConfiguration;
			buildSettings = {
				ALWAYS_SEARCH_USER_PATHS = NO;
				CLANG_CXX_LANGUAGE_STANDARD = "gnu++0x";
				CLANG_CXX_LIBRARY = "libc++";
				CLANG_ENABLE_MODULES = YES;
				CLANG_ENABLE_OBJC_ARC = YES;
				CLANG_WARN_BOOL_CONVERSION = YES;
				CLANG_WARN_CONSTANT_CONVERSION = YES;
				CLANG_WARN_DIRECT_OBJC_ISA_USAGE = YES_ERROR;
				CLANG_WARN_EMPTY_BODY = YES;
				CLANG_WARN_ENUM_CONVERSION = YES;
				CLANG_WARN_INT_CONVERSION = YES;
				CLANG_WARN_OBJC_ROOT_CLASS = YES_ERROR;
				CLANG_WARN_UNREACHABLE_CODE = YES;
				CLANG_WARN__DUPLICATE_METHOD_MATCH = YES;
				"CODE_SIGN_IDENTITY[sdk=iphoneos*]" = "iPhone Developer";
				COPY_PHASE_STRIP = YES;
				ENABLE_NS_ASSERTIONS = NO;
				ENABLE_STRICT_OBJC_MSGSEND = YES;
				GCC_C_LANGUAGE_STANDARD = gnu99;
				GCC_WARN_64_TO_32_BIT_CONVERSION = YES;
				GCC_WARN_ABOUT_RETURN_TYPE = YES_ERROR;
				GCC_WARN_UNDECLARED_SELECTOR = YES;
				GCC_WARN_UNINITIALIZED_AUTOS = YES_AGGRESSIVE;
				GCC_WARN_UNUSED_FUNCTION = YES;
				GCC_WARN_UNUSED_VARIABLE = YES;
				IPHONEOS_DEPLOYMENT_TARGET = 8.1;
				MTL_ENABLE_DEBUG_INFO = NO;
				SDKROOT = iphoneos;
				VALIDATE_PRODUCT = YES;
			};
			name = Release;
		};
		014FA3E31A938215007235B9 /* Debug */ = {
			isa = XCBuildConfiguration;
			buildSettings = {
				ASSETCATALOG_COMPILER_APPICON_NAME = AppIcon;
				INFOPLIST_FILE = Minishows/Info.plist;
				LD_RUNPATH_SEARCH_PATHS = "$(inherited) @executable_path/Frameworks";
				PRODUCT_NAME = "$(TARGET_NAME)";
			};
			name = Debug;
		};
		014FA3E41A938215007235B9 /* Release */ = {
			isa = XCBuildConfiguration;
			buildSettings = {
				ASSETCATALOG_COMPILER_APPICON_NAME = AppIcon;
				INFOPLIST_FILE = Minishows/Info.plist;
				LD_RUNPATH_SEARCH_PATHS = "$(inherited) @executable_path/Frameworks";
				PRODUCT_NAME = "$(TARGET_NAME)";
			};
			name = Release;
		};
		014FA3E61A938215007235B9 /* Debug */ = {
			isa = XCBuildConfiguration;
			buildSettings = {
				BUNDLE_LOADER = "$(TEST_HOST)";
				FRAMEWORK_SEARCH_PATHS = (
					"$(SDKROOT)/Developer/Library/Frameworks",
					"$(inherited)",
				);
				GCC_PREPROCESSOR_DEFINITIONS = (
					"DEBUG=1",
					"$(inherited)",
				);
				INFOPLIST_FILE = MinishowsTests/Info.plist;
				LD_RUNPATH_SEARCH_PATHS = "$(inherited) @executable_path/Frameworks @loader_path/Frameworks";
				PRODUCT_NAME = "$(TARGET_NAME)";
				TEST_HOST = "$(BUILT_PRODUCTS_DIR)/Minishows.app/Minishows";
			};
			name = Debug;
		};
		014FA3E71A938215007235B9 /* Release */ = {
			isa = XCBuildConfiguration;
			buildSettings = {
				BUNDLE_LOADER = "$(TEST_HOST)";
				FRAMEWORK_SEARCH_PATHS = (
					"$(SDKROOT)/Developer/Library/Frameworks",
					"$(inherited)",
				);
				INFOPLIST_FILE = MinishowsTests/Info.plist;
				LD_RUNPATH_SEARCH_PATHS = "$(inherited) @executable_path/Frameworks @loader_path/Frameworks";
				PRODUCT_NAME = "$(TARGET_NAME)";
				TEST_HOST = "$(BUILT_PRODUCTS_DIR)/Minishows.app/Minishows";
			};
			name = Release;
		};
/* End XCBuildConfiguration section */

/* Begin XCConfigurationList section */
		014FA3BA1A938215007235B9 /* Build configuration list for PBXProject "Minishows" */ = {
			isa = XCConfigurationList;
			buildConfigurations = (
				014FA3E01A938215007235B9 /* Debug */,
				014FA3E11A938215007235B9 /* Release */,
			);
			defaultConfigurationIsVisible = 0;
			defaultConfigurationName = Release;
		};
		014FA3E21A938215007235B9 /* Build configuration list for PBXNativeTarget "Minishows" */ = {
			isa = XCConfigurationList;
			buildConfigurations = (
				014FA3E31A938215007235B9 /* Debug */,
				014FA3E41A938215007235B9 /* Release */,
			);
			defaultConfigurationIsVisible = 0;
			defaultConfigurationName = Release;
		};
		014FA3E51A938215007235B9 /* Build configuration list for PBXNativeTarget "MinishowsTests" */ = {
			isa = XCConfigurationList;
			buildConfigurations = (
				014FA3E61A938215007235B9 /* Debug */,
				014FA3E71A938215007235B9 /* Release */,
			);
			defaultConfigurationIsVisible = 0;
			defaultConfigurationName = Release;
		};
/* End XCConfigurationList section */
	};
	rootObject = 014FA3B71A938215007235B9 /* Project object */;
}
